// !$*UTF8*$!
{
	archiveVersion = 1;
	classes = {
	};
	objectVersion = 77;
	objects = {

/* Begin PBXBuildFile section */
		6B78856D2D88BA8E00F78D59 /* Preview Assets.xcassets in Resources */ = {isa = PBXBuildFile; fileRef = 6B7885652D88BA8E00F78D59 /* Preview Assets.xcassets */; };
		6B78856E2D88BA8E00F78D59 /* Assets.xcassets in Resources */ = {isa = PBXBuildFile; fileRef = 6B7885672D88BA8E00F78D59 /* Assets.xcassets */; };
		6B78856F2D88BA8E00F78D59 /* GoogleService-Info.plist in Resources */ = {isa = PBXBuildFile; fileRef = 6B78856B2D88BA8E00F78D59 /* GoogleService-Info.plist */; };
		6B7885702D88BA8E00F78D59 /* FocusApp.swift in Sources */ = {isa = PBXBuildFile; fileRef = 6B78856A2D88BA8E00F78D59 /* FocusApp.swift */; };
		6B7885712D88BA8E00F78D59 /* ContentView.swift in Sources */ = {isa = PBXBuildFile; fileRef = 6B7885682D88BA8E00F78D59 /* ContentView.swift */; };
		6B7885742D88BB3300F78D59 /* Profile.swift in Sources */ = {isa = PBXBuildFile; fileRef = 6B7885732D88BB3300F78D59 /* Profile.swift */; };
		6B7885762D88BB4900F78D59 /* Leaderboard.swift in Sources */ = {isa = PBXBuildFile; fileRef = 6B7885752D88BB4900F78D59 /* Leaderboard.swift */; };
		6B7885782D88BB5000F78D59 /* Home.swift in Sources */ = {isa = PBXBuildFile; fileRef = 6B7885772D88BB5000F78D59 /* Home.swift */; };
		6B7885852D8C935E00F78D59 /* AuthViewModel.swift in Sources */ = {isa = PBXBuildFile; fileRef = 6B7885842D8C935E00F78D59 /* AuthViewModel.swift */; };
		6B7885872D8C976700F78D59 /* LoginView.swift in Sources */ = {isa = PBXBuildFile; fileRef = 6B7885862D8C976700F78D59 /* LoginView.swift */; };
		6B78858B2D8C978A00F78D59 /* CreateAccountView.swift in Sources */ = {isa = PBXBuildFile; fileRef = 6B78858A2D8C978A00F78D59 /* CreateAccountView.swift */; };
		6BE116432D864B2E002695F7 /* FirebaseAnalytics in Frameworks */ = {isa = PBXBuildFile; productRef = 6BE116422D864B2E002695F7 /* FirebaseAnalytics */; };
		6BE116452D864B2E002695F7 /* FirebaseAuth in Frameworks */ = {isa = PBXBuildFile; productRef = 6BE116442D864B2E002695F7 /* FirebaseAuth */; };
		6BE116472D864B2E002695F7 /* FirebaseCrashlytics in Frameworks */ = {isa = PBXBuildFile; productRef = 6BE116462D864B2E002695F7 /* FirebaseCrashlytics */; };
		6BE116492D864B2E002695F7 /* FirebaseDatabase in Frameworks */ = {isa = PBXBuildFile; productRef = 6BE116482D864B2E002695F7 /* FirebaseDatabase */; };
		6BE1164C2D864C80002695F7 /* GoogleSignIn in Frameworks */ = {isa = PBXBuildFile; productRef = 6BE1164B2D864C80002695F7 /* GoogleSignIn */; };
		6BE1164E2D864C80002695F7 /* GoogleSignInSwift in Frameworks */ = {isa = PBXBuildFile; productRef = 6BE1164D2D864C80002695F7 /* GoogleSignInSwift */; };
		6BE553DF2DA7AD34003AAF1E /* ManagedSettings.framework in Frameworks */ = {isa = PBXBuildFile; fileRef = 6BE553DE2DA7AD34003AAF1E /* ManagedSettings.framework */; };
		6BE553E12DA7AD34003AAF1E /* ManagedSettingsUI.framework in Frameworks */ = {isa = PBXBuildFile; fileRef = 6BE553E02DA7AD34003AAF1E /* ManagedSettingsUI.framework */; };
		6BE553E92DA7AD34003AAF1E /* Shield.appex in Embed Foundation Extensions */ = {isa = PBXBuildFile; fileRef = 6BE553DC2DA7AD34003AAF1E /* Shield.appex */; settings = {ATTRIBUTES = (RemoveHeadersOnCopy, ); }; };
		6BE553F52DA7B261003AAF1E /* DeviceActivity.framework in Frameworks */ = {isa = PBXBuildFile; fileRef = 6BE553F42DA7B261003AAF1E /* DeviceActivity.framework */; };
		6BE553FD2DA7B261003AAF1E /* ActivityMonitor.appex in Embed Foundation Extensions */ = {isa = PBXBuildFile; fileRef = 6BE553F32DA7B261003AAF1E /* ActivityMonitor.appex */; settings = {ATTRIBUTES = (RemoveHeadersOnCopy, ); }; };
/* End PBXBuildFile section */

/* Begin PBXContainerItemProxy section */
		6BE553E72DA7AD34003AAF1E /* PBXContainerItemProxy */ = {
			isa = PBXContainerItemProxy;
			containerPortal = 6BB100392D75551200AB5E19 /* Project object */;
			proxyType = 1;
			remoteGlobalIDString = 6BE553DB2DA7AD34003AAF1E;
			remoteInfo = Shield;
		};
		6BE553FB2DA7B261003AAF1E /* PBXContainerItemProxy */ = {
			isa = PBXContainerItemProxy;
			containerPortal = 6BB100392D75551200AB5E19 /* Project object */;
			proxyType = 1;
			remoteGlobalIDString = 6BE553F22DA7B261003AAF1E;
			remoteInfo = ActivityMonitor;
		};
/* End PBXContainerItemProxy section */

/* Begin PBXCopyFilesBuildPhase section */
		6BE553EE2DA7AD34003AAF1E /* Embed Foundation Extensions */ = {
			isa = PBXCopyFilesBuildPhase;
			buildActionMask = 2147483647;
			dstPath = "";
			dstSubfolderSpec = 13;
			files = (
				6BE553FD2DA7B261003AAF1E /* ActivityMonitor.appex in Embed Foundation Extensions */,
				6BE553E92DA7AD34003AAF1E /* Shield.appex in Embed Foundation Extensions */,
			);
			name = "Embed Foundation Extensions";
			runOnlyForDeploymentPostprocessing = 0;
		};
/* End PBXCopyFilesBuildPhase section */

/* Begin PBXFileReference section */
		6B7885652D88BA8E00F78D59 /* Preview Assets.xcassets */ = {isa = PBXFileReference; lastKnownFileType = folder.assetcatalog; path = "Preview Assets.xcassets"; sourceTree = "<group>"; };
		6B7885672D88BA8E00F78D59 /* Assets.xcassets */ = {isa = PBXFileReference; lastKnownFileType = folder.assetcatalog; path = Assets.xcassets; sourceTree = "<group>"; };
		6B7885682D88BA8E00F78D59 /* ContentView.swift */ = {isa = PBXFileReference; lastKnownFileType = sourcecode.swift; path = ContentView.swift; sourceTree = "<group>"; };
		6B7885692D88BA8E00F78D59 /* Focus.entitlements */ = {isa = PBXFileReference; lastKnownFileType = text.plist.entitlements; path = Focus.entitlements; sourceTree = "<group>"; };
		6B78856A2D88BA8E00F78D59 /* FocusApp.swift */ = {isa = PBXFileReference; lastKnownFileType = sourcecode.swift; path = FocusApp.swift; sourceTree = "<group>"; };
		6B78856B2D88BA8E00F78D59 /* GoogleService-Info.plist */ = {isa = PBXFileReference; lastKnownFileType = text.plist.xml; path = "GoogleService-Info.plist"; sourceTree = "<group>"; };
		6B7885732D88BB3300F78D59 /* Profile.swift */ = {isa = PBXFileReference; lastKnownFileType = sourcecode.swift; path = Profile.swift; sourceTree = "<group>"; };
		6B7885752D88BB4900F78D59 /* Leaderboard.swift */ = {isa = PBXFileReference; lastKnownFileType = sourcecode.swift; path = Leaderboard.swift; sourceTree = "<group>"; };
		6B7885772D88BB5000F78D59 /* Home.swift */ = {isa = PBXFileReference; lastKnownFileType = sourcecode.swift; path = Home.swift; sourceTree = "<group>"; };
		6B7885842D8C935E00F78D59 /* AuthViewModel.swift */ = {isa = PBXFileReference; lastKnownFileType = sourcecode.swift; path = AuthViewModel.swift; sourceTree = "<group>"; };
		6B7885862D8C976700F78D59 /* LoginView.swift */ = {isa = PBXFileReference; lastKnownFileType = sourcecode.swift; path = LoginView.swift; sourceTree = "<group>"; };
		6B78858A2D8C978A00F78D59 /* CreateAccountView.swift */ = {isa = PBXFileReference; lastKnownFileType = sourcecode.swift; path = CreateAccountView.swift; sourceTree = "<group>"; };
		6BB100412D75551200AB5E19 /* Focus.app */ = {isa = PBXFileReference; explicitFileType = wrapper.application; includeInIndex = 0; path = Focus.app; sourceTree = BUILT_PRODUCTS_DIR; };
		6BE553DC2DA7AD34003AAF1E /* Shield.appex */ = {isa = PBXFileReference; explicitFileType = "wrapper.app-extension"; includeInIndex = 0; path = Shield.appex; sourceTree = BUILT_PRODUCTS_DIR; };
		6BE553DE2DA7AD34003AAF1E /* ManagedSettings.framework */ = {isa = PBXFileReference; lastKnownFileType = wrapper.framework; name = ManagedSettings.framework; path = System/Library/Frameworks/ManagedSettings.framework; sourceTree = SDKROOT; };
		6BE553E02DA7AD34003AAF1E /* ManagedSettingsUI.framework */ = {isa = PBXFileReference; lastKnownFileType = wrapper.framework; name = ManagedSettingsUI.framework; path = System/Library/Frameworks/ManagedSettingsUI.framework; sourceTree = SDKROOT; };
		6BE553F32DA7B261003AAF1E /* ActivityMonitor.appex */ = {isa = PBXFileReference; explicitFileType = "wrapper.app-extension"; includeInIndex = 0; path = ActivityMonitor.appex; sourceTree = BUILT_PRODUCTS_DIR; };
		6BE553F42DA7B261003AAF1E /* DeviceActivity.framework */ = {isa = PBXFileReference; lastKnownFileType = wrapper.framework; name = DeviceActivity.framework; path = System/Library/Frameworks/DeviceActivity.framework; sourceTree = SDKROOT; };
/* End PBXFileReference section */

/* Begin PBXFileSystemSynchronizedBuildFileExceptionSet section */
		6BE553EA2DA7AD34003AAF1E /* Exceptions for "Shield" folder in "Shield" target */ = {
			isa = PBXFileSystemSynchronizedBuildFileExceptionSet;
			membershipExceptions = (
				Info.plist,
			);
			target = 6BE553DB2DA7AD34003AAF1E /* Shield */;
		};
		6BE553FE2DA7B261003AAF1E /* Exceptions for "ActivityMonitor" folder in "ActivityMonitor" target */ = {
			isa = PBXFileSystemSynchronizedBuildFileExceptionSet;
			membershipExceptions = (
				Info.plist,
			);
			target = 6BE553F22DA7B261003AAF1E /* ActivityMonitor */;
		};
		6BE554032DA7B5A0003AAF1E /* Exceptions for "DataModels" folder in "ActivityMonitor" target */ = {
			isa = PBXFileSystemSynchronizedBuildFileExceptionSet;
			membershipExceptions = (
				DistractingApps.swift,
				Schedule.swift,
			);
			target = 6BE553F22DA7B261003AAF1E /* ActivityMonitor */;
		};
/* End PBXFileSystemSynchronizedBuildFileExceptionSet section */

/* Begin PBXFileSystemSynchronizedRootGroup section */
		6BDE63372DA46825006140E5 /* DataModels */ = {
			isa = PBXFileSystemSynchronizedRootGroup;
			exceptions = (
				6BE554032DA7B5A0003AAF1E /* Exceptions for "DataModels" folder in "ActivityMonitor" target */,
			);
			path = DataModels;
			sourceTree = "<group>";
		};
		6BE553E22DA7AD34003AAF1E /* Shield */ = {
			isa = PBXFileSystemSynchronizedRootGroup;
			exceptions = (
				6BE553EA2DA7AD34003AAF1E /* Exceptions for "Shield" folder in "Shield" target */,
			);
			path = Shield;
			sourceTree = "<group>";
		};
		6BE553F62DA7B261003AAF1E /* ActivityMonitor */ = {
			isa = PBXFileSystemSynchronizedRootGroup;
			exceptions = (
				6BE553FE2DA7B261003AAF1E /* Exceptions for "ActivityMonitor" folder in "ActivityMonitor" target */,
			);
			path = ActivityMonitor;
			sourceTree = "<group>";
		};
/* End PBXFileSystemSynchronizedRootGroup section */

/* Begin PBXFrameworksBuildPhase section */
		6BB1003E2D75551200AB5E19 /* Frameworks */ = {
			isa = PBXFrameworksBuildPhase;
			buildActionMask = 2147483647;
			files = (
				6BE1164C2D864C80002695F7 /* GoogleSignIn in Frameworks */,
				6BE116472D864B2E002695F7 /* FirebaseCrashlytics in Frameworks */,
				6BE116432D864B2E002695F7 /* FirebaseAnalytics in Frameworks */,
				6BE1164E2D864C80002695F7 /* GoogleSignInSwift in Frameworks */,
				6BE116492D864B2E002695F7 /* FirebaseDatabase in Frameworks */,
				6BE116452D864B2E002695F7 /* FirebaseAuth in Frameworks */,
			);
			runOnlyForDeploymentPostprocessing = 0;
		};
		6BE553D92DA7AD34003AAF1E /* Frameworks */ = {
			isa = PBXFrameworksBuildPhase;
			buildActionMask = 2147483647;
			files = (
				6BE553DF2DA7AD34003AAF1E /* ManagedSettings.framework in Frameworks */,
				6BE553E12DA7AD34003AAF1E /* ManagedSettingsUI.framework in Frameworks */,
			);
			runOnlyForDeploymentPostprocessing = 0;
		};
		6BE553F02DA7B261003AAF1E /* Frameworks */ = {
			isa = PBXFrameworksBuildPhase;
			buildActionMask = 2147483647;
			files = (
				6BE553F52DA7B261003AAF1E /* DeviceActivity.framework in Frameworks */,
			);
			runOnlyForDeploymentPostprocessing = 0;
		};
/* End PBXFrameworksBuildPhase section */

/* Begin PBXGroup section */
		6B7885662D88BA8E00F78D59 /* Preview Content */ = {
			isa = PBXGroup;
			children = (
				6B7885652D88BA8E00F78D59 /* Preview Assets.xcassets */,
			);
			path = "Preview Content";
			sourceTree = "<group>";
		};
		6B78856C2D88BA8E00F78D59 /* Focus */ = {
			isa = PBXGroup;
			children = (
				6BDE63372DA46825006140E5 /* DataModels */,
				6B7885722D88BAFF00F78D59 /* Views */,
				6B7885662D88BA8E00F78D59 /* Preview Content */,
				6B7885672D88BA8E00F78D59 /* Assets.xcassets */,
				6B7885682D88BA8E00F78D59 /* ContentView.swift */,
				6B7885692D88BA8E00F78D59 /* Focus.entitlements */,
				6B78856A2D88BA8E00F78D59 /* FocusApp.swift */,
				6B78856B2D88BA8E00F78D59 /* GoogleService-Info.plist */,
			);
			path = Focus;
			sourceTree = "<group>";
		};
		6B7885722D88BAFF00F78D59 /* Views */ = {
			isa = PBXGroup;
			children = (
				6B7885732D88BB3300F78D59 /* Profile.swift */,
				6B7885752D88BB4900F78D59 /* Leaderboard.swift */,
				6B7885772D88BB5000F78D59 /* Home.swift */,
				6B7885842D8C935E00F78D59 /* AuthViewModel.swift */,
				6B7885862D8C976700F78D59 /* LoginView.swift */,
				6B78858A2D8C978A00F78D59 /* CreateAccountView.swift */,
			);
			path = Views;
			sourceTree = "<group>";
		};
		6BB100382D75551200AB5E19 = {
			isa = PBXGroup;
			children = (
				6BE553E22DA7AD34003AAF1E /* Shield */,
				6BE553F62DA7B261003AAF1E /* ActivityMonitor */,
				6BE553DD2DA7AD34003AAF1E /* Frameworks */,
				6BB100422D75551200AB5E19 /* Products */,
				6B78856C2D88BA8E00F78D59 /* Focus */,
			);
			sourceTree = "<group>";
		};
		6BB100422D75551200AB5E19 /* Products */ = {
			isa = PBXGroup;
			children = (
				6BB100412D75551200AB5E19 /* Focus.app */,
				6BE553DC2DA7AD34003AAF1E /* Shield.appex */,
				6BE553F32DA7B261003AAF1E /* ActivityMonitor.appex */,
			);
			name = Products;
			sourceTree = "<group>";
		};
		6BE553DD2DA7AD34003AAF1E /* Frameworks */ = {
			isa = PBXGroup;
			children = (
				6BE553DE2DA7AD34003AAF1E /* ManagedSettings.framework */,
				6BE553E02DA7AD34003AAF1E /* ManagedSettingsUI.framework */,
				6BE553F42DA7B261003AAF1E /* DeviceActivity.framework */,
			);
			name = Frameworks;
			sourceTree = "<group>";
		};
/* End PBXGroup section */

/* Begin PBXNativeTarget section */
		6BB100402D75551200AB5E19 /* Focus */ = {
			isa = PBXNativeTarget;
			buildConfigurationList = 6BB1004F2D75551300AB5E19 /* Build configuration list for PBXNativeTarget "Focus" */;
			buildPhases = (
				6BB1003D2D75551200AB5E19 /* Sources */,
				6BB1003E2D75551200AB5E19 /* Frameworks */,
				6BB1003F2D75551200AB5E19 /* Resources */,
				6BE553EE2DA7AD34003AAF1E /* Embed Foundation Extensions */,
			);
			buildRules = (
			);
			dependencies = (
				6BE553E82DA7AD34003AAF1E /* PBXTargetDependency */,
				6BE553FC2DA7B261003AAF1E /* PBXTargetDependency */,
			);
			fileSystemSynchronizedGroups = (
				6BDE63372DA46825006140E5 /* DataModels */,
			);
			name = Focus;
			packageProductDependencies = (
				6BE116422D864B2E002695F7 /* FirebaseAnalytics */,
				6BE116442D864B2E002695F7 /* FirebaseAuth */,
				6BE116462D864B2E002695F7 /* FirebaseCrashlytics */,
				6BE116482D864B2E002695F7 /* FirebaseDatabase */,
				6BE1164B2D864C80002695F7 /* GoogleSignIn */,
				6BE1164D2D864C80002695F7 /* GoogleSignInSwift */,
			);
			productName = Focus;
			productReference = 6BB100412D75551200AB5E19 /* Focus.app */;
			productType = "com.apple.product-type.application";
		};
		6BE553DB2DA7AD34003AAF1E /* Shield */ = {
			isa = PBXNativeTarget;
			buildConfigurationList = 6BE553EB2DA7AD34003AAF1E /* Build configuration list for PBXNativeTarget "Shield" */;
			buildPhases = (
				6BE553D82DA7AD34003AAF1E /* Sources */,
				6BE553D92DA7AD34003AAF1E /* Frameworks */,
				6BE553DA2DA7AD34003AAF1E /* Resources */,
			);
			buildRules = (
			);
			dependencies = (
			);
			fileSystemSynchronizedGroups = (
				6BE553E22DA7AD34003AAF1E /* Shield */,
			);
			name = Shield;
			packageProductDependencies = (
			);
			productName = Shield;
			productReference = 6BE553DC2DA7AD34003AAF1E /* Shield.appex */;
			productType = "com.apple.product-type.app-extension";
		};
		6BE553F22DA7B261003AAF1E /* ActivityMonitor */ = {
			isa = PBXNativeTarget;
			buildConfigurationList = 6BE553FF2DA7B261003AAF1E /* Build configuration list for PBXNativeTarget "ActivityMonitor" */;
			buildPhases = (
				6BE553EF2DA7B261003AAF1E /* Sources */,
				6BE553F02DA7B261003AAF1E /* Frameworks */,
				6BE553F12DA7B261003AAF1E /* Resources */,
			);
			buildRules = (
			);
			dependencies = (
			);
			fileSystemSynchronizedGroups = (
				6BE553F62DA7B261003AAF1E /* ActivityMonitor */,
			);
			name = ActivityMonitor;
			packageProductDependencies = (
			);
			productName = ActivityMonitor;
			productReference = 6BE553F32DA7B261003AAF1E /* ActivityMonitor.appex */;
			productType = "com.apple.product-type.app-extension";
		};
/* End PBXNativeTarget section */

/* Begin PBXProject section */
		6BB100392D75551200AB5E19 /* Project object */ = {
			isa = PBXProject;
			attributes = {
				BuildIndependentTargetsInParallel = 1;
				LastSwiftUpdateCheck = 1630;
				LastUpgradeCheck = 1620;
				TargetAttributes = {
					6BB100402D75551200AB5E19 = {
						CreatedOnToolsVersion = 16.2;
					};
					6BE553DB2DA7AD34003AAF1E = {
						CreatedOnToolsVersion = 16.3;
					};
					6BE553F22DA7B261003AAF1E = {
						CreatedOnToolsVersion = 16.3;
					};
				};
			};
			buildConfigurationList = 6BB1003C2D75551200AB5E19 /* Build configuration list for PBXProject "Focus" */;
			developmentRegion = en;
			hasScannedForEncodings = 0;
			knownRegions = (
				en,
				Base,
			);
			mainGroup = 6BB100382D75551200AB5E19;
			minimizedProjectReferenceProxies = 1;
			packageReferences = (
				6BE116412D864B2E002695F7 /* XCRemoteSwiftPackageReference "firebase-ios-sdk" */,
				6BE1164A2D864C80002695F7 /* XCRemoteSwiftPackageReference "GoogleSignIn-iOS" */,
			);
			preferredProjectObjectVersion = 77;
			productRefGroup = 6BB100422D75551200AB5E19 /* Products */;
			projectDirPath = "";
			projectRoot = "";
			targets = (
				6BB100402D75551200AB5E19 /* Focus */,
				6BE553DB2DA7AD34003AAF1E /* Shield */,
				6BE553F22DA7B261003AAF1E /* ActivityMonitor */,
			);
		};
/* End PBXProject section */

/* Begin PBXResourcesBuildPhase section */
		6BB1003F2D75551200AB5E19 /* Resources */ = {
			isa = PBXResourcesBuildPhase;
			buildActionMask = 2147483647;
			files = (
				6B78856D2D88BA8E00F78D59 /* Preview Assets.xcassets in Resources */,
				6B78856E2D88BA8E00F78D59 /* Assets.xcassets in Resources */,
				6B78856F2D88BA8E00F78D59 /* GoogleService-Info.plist in Resources */,
			);
			runOnlyForDeploymentPostprocessing = 0;
		};
		6BE553DA2DA7AD34003AAF1E /* Resources */ = {
			isa = PBXResourcesBuildPhase;
			buildActionMask = 2147483647;
			files = (
			);
			runOnlyForDeploymentPostprocessing = 0;
		};
		6BE553F12DA7B261003AAF1E /* Resources */ = {
			isa = PBXResourcesBuildPhase;
			buildActionMask = 2147483647;
			files = (
			);
			runOnlyForDeploymentPostprocessing = 0;
		};
/* End PBXResourcesBuildPhase section */

/* Begin PBXSourcesBuildPhase section */
		6BB1003D2D75551200AB5E19 /* Sources */ = {
			isa = PBXSourcesBuildPhase;
			buildActionMask = 2147483647;
			files = (
				6B7885702D88BA8E00F78D59 /* FocusApp.swift in Sources */,
				6B7885872D8C976700F78D59 /* LoginView.swift in Sources */,
				6B7885762D88BB4900F78D59 /* Leaderboard.swift in Sources */,
				6B7885852D8C935E00F78D59 /* AuthViewModel.swift in Sources */,
				6B7885782D88BB5000F78D59 /* Home.swift in Sources */,
				6B7885742D88BB3300F78D59 /* Profile.swift in Sources */,
				6B78858B2D8C978A00F78D59 /* CreateAccountView.swift in Sources */,
				6B7885712D88BA8E00F78D59 /* ContentView.swift in Sources */,
			);
			runOnlyForDeploymentPostprocessing = 0;
		};
		6BE553D82DA7AD34003AAF1E /* Sources */ = {
			isa = PBXSourcesBuildPhase;
			buildActionMask = 2147483647;
			files = (
			);
			runOnlyForDeploymentPostprocessing = 0;
		};
		6BE553EF2DA7B261003AAF1E /* Sources */ = {
			isa = PBXSourcesBuildPhase;
			buildActionMask = 2147483647;
			files = (
			);
			runOnlyForDeploymentPostprocessing = 0;
		};
/* End PBXSourcesBuildPhase section */

/* Begin PBXTargetDependency section */
		6BE553E82DA7AD34003AAF1E /* PBXTargetDependency */ = {
			isa = PBXTargetDependency;
			target = 6BE553DB2DA7AD34003AAF1E /* Shield */;
			targetProxy = 6BE553E72DA7AD34003AAF1E /* PBXContainerItemProxy */;
		};
		6BE553FC2DA7B261003AAF1E /* PBXTargetDependency */ = {
			isa = PBXTargetDependency;
			target = 6BE553F22DA7B261003AAF1E /* ActivityMonitor */;
			targetProxy = 6BE553FB2DA7B261003AAF1E /* PBXContainerItemProxy */;
		};
/* End PBXTargetDependency section */

/* Begin XCBuildConfiguration section */
		6BB1004D2D75551300AB5E19 /* Debug */ = {
			isa = XCBuildConfiguration;
			buildSettings = {
				ALWAYS_SEARCH_USER_PATHS = NO;
				ASSETCATALOG_COMPILER_GENERATE_SWIFT_ASSET_SYMBOL_EXTENSIONS = YES;
				CLANG_ANALYZER_NONNULL = YES;
				CLANG_ANALYZER_NUMBER_OBJECT_CONVERSION = YES_AGGRESSIVE;
				CLANG_CXX_LANGUAGE_STANDARD = "gnu++20";
				CLANG_ENABLE_MODULES = YES;
				CLANG_ENABLE_OBJC_ARC = YES;
				CLANG_ENABLE_OBJC_WEAK = YES;
				CLANG_WARN_BLOCK_CAPTURE_AUTORELEASING = YES;
				CLANG_WARN_BOOL_CONVERSION = YES;
				CLANG_WARN_COMMA = YES;
				CLANG_WARN_CONSTANT_CONVERSION = YES;
				CLANG_WARN_DEPRECATED_OBJC_IMPLEMENTATIONS = YES;
				CLANG_WARN_DIRECT_OBJC_ISA_USAGE = YES_ERROR;
				CLANG_WARN_DOCUMENTATION_COMMENTS = YES;
				CLANG_WARN_EMPTY_BODY = YES;
				CLANG_WARN_ENUM_CONVERSION = YES;
				CLANG_WARN_INFINITE_RECURSION = YES;
				CLANG_WARN_INT_CONVERSION = YES;
				CLANG_WARN_NON_LITERAL_NULL_CONVERSION = YES;
				CLANG_WARN_OBJC_IMPLICIT_RETAIN_SELF = YES;
				CLANG_WARN_OBJC_LITERAL_CONVERSION = YES;
				CLANG_WARN_OBJC_ROOT_CLASS = YES_ERROR;
				CLANG_WARN_QUOTED_INCLUDE_IN_FRAMEWORK_HEADER = YES;
				CLANG_WARN_RANGE_LOOP_ANALYSIS = YES;
				CLANG_WARN_STRICT_PROTOTYPES = YES;
				CLANG_WARN_SUSPICIOUS_MOVE = YES;
				CLANG_WARN_UNGUARDED_AVAILABILITY = YES_AGGRESSIVE;
				CLANG_WARN_UNREACHABLE_CODE = YES;
				CLANG_WARN__DUPLICATE_METHOD_MATCH = YES;
				COPY_PHASE_STRIP = NO;
				DEBUG_INFORMATION_FORMAT = dwarf;
				ENABLE_STRICT_OBJC_MSGSEND = YES;
				ENABLE_TESTABILITY = YES;
				ENABLE_USER_SCRIPT_SANDBOXING = YES;
				GCC_C_LANGUAGE_STANDARD = gnu17;
				GCC_DYNAMIC_NO_PIC = NO;
				GCC_NO_COMMON_BLOCKS = YES;
				GCC_OPTIMIZATION_LEVEL = 0;
				GCC_PREPROCESSOR_DEFINITIONS = (
					"DEBUG=1",
					"$(inherited)",
				);
				GCC_WARN_64_TO_32_BIT_CONVERSION = YES;
				GCC_WARN_ABOUT_RETURN_TYPE = YES_ERROR;
				GCC_WARN_UNDECLARED_SELECTOR = YES;
				GCC_WARN_UNINITIALIZED_AUTOS = YES_AGGRESSIVE;
				GCC_WARN_UNUSED_FUNCTION = YES;
				GCC_WARN_UNUSED_VARIABLE = YES;
				IPHONEOS_DEPLOYMENT_TARGET = 18.2;
				LOCALIZATION_PREFERS_STRING_CATALOGS = YES;
				MTL_ENABLE_DEBUG_INFO = INCLUDE_SOURCE;
				MTL_FAST_MATH = YES;
				ONLY_ACTIVE_ARCH = YES;
				SDKROOT = iphoneos;
				SWIFT_ACTIVE_COMPILATION_CONDITIONS = "DEBUG $(inherited)";
				SWIFT_OPTIMIZATION_LEVEL = "-Onone";
			};
			name = Debug;
		};
		6BB1004E2D75551300AB5E19 /* Release */ = {
			isa = XCBuildConfiguration;
			buildSettings = {
				ALWAYS_SEARCH_USER_PATHS = NO;
				ASSETCATALOG_COMPILER_GENERATE_SWIFT_ASSET_SYMBOL_EXTENSIONS = YES;
				CLANG_ANALYZER_NONNULL = YES;
				CLANG_ANALYZER_NUMBER_OBJECT_CONVERSION = YES_AGGRESSIVE;
				CLANG_CXX_LANGUAGE_STANDARD = "gnu++20";
				CLANG_ENABLE_MODULES = YES;
				CLANG_ENABLE_OBJC_ARC = YES;
				CLANG_ENABLE_OBJC_WEAK = YES;
				CLANG_WARN_BLOCK_CAPTURE_AUTORELEASING = YES;
				CLANG_WARN_BOOL_CONVERSION = YES;
				CLANG_WARN_COMMA = YES;
				CLANG_WARN_CONSTANT_CONVERSION = YES;
				CLANG_WARN_DEPRECATED_OBJC_IMPLEMENTATIONS = YES;
				CLANG_WARN_DIRECT_OBJC_ISA_USAGE = YES_ERROR;
				CLANG_WARN_DOCUMENTATION_COMMENTS = YES;
				CLANG_WARN_EMPTY_BODY = YES;
				CLANG_WARN_ENUM_CONVERSION = YES;
				CLANG_WARN_INFINITE_RECURSION = YES;
				CLANG_WARN_INT_CONVERSION = YES;
				CLANG_WARN_NON_LITERAL_NULL_CONVERSION = YES;
				CLANG_WARN_OBJC_IMPLICIT_RETAIN_SELF = YES;
				CLANG_WARN_OBJC_LITERAL_CONVERSION = YES;
				CLANG_WARN_OBJC_ROOT_CLASS = YES_ERROR;
				CLANG_WARN_QUOTED_INCLUDE_IN_FRAMEWORK_HEADER = YES;
				CLANG_WARN_RANGE_LOOP_ANALYSIS = YES;
				CLANG_WARN_STRICT_PROTOTYPES = YES;
				CLANG_WARN_SUSPICIOUS_MOVE = YES;
				CLANG_WARN_UNGUARDED_AVAILABILITY = YES_AGGRESSIVE;
				CLANG_WARN_UNREACHABLE_CODE = YES;
				CLANG_WARN__DUPLICATE_METHOD_MATCH = YES;
				COPY_PHASE_STRIP = NO;
				DEBUG_INFORMATION_FORMAT = "dwarf-with-dsym";
				ENABLE_NS_ASSERTIONS = NO;
				ENABLE_STRICT_OBJC_MSGSEND = YES;
				ENABLE_USER_SCRIPT_SANDBOXING = YES;
				GCC_C_LANGUAGE_STANDARD = gnu17;
				GCC_NO_COMMON_BLOCKS = YES;
				GCC_WARN_64_TO_32_BIT_CONVERSION = YES;
				GCC_WARN_ABOUT_RETURN_TYPE = YES_ERROR;
				GCC_WARN_UNDECLARED_SELECTOR = YES;
				GCC_WARN_UNINITIALIZED_AUTOS = YES_AGGRESSIVE;
				GCC_WARN_UNUSED_FUNCTION = YES;
				GCC_WARN_UNUSED_VARIABLE = YES;
				IPHONEOS_DEPLOYMENT_TARGET = 18.2;
				LOCALIZATION_PREFERS_STRING_CATALOGS = YES;
				MTL_ENABLE_DEBUG_INFO = NO;
				MTL_FAST_MATH = YES;
				SDKROOT = iphoneos;
				SWIFT_COMPILATION_MODE = wholemodule;
				VALIDATE_PRODUCT = YES;
			};
			name = Release;
		};
		6BB100502D75551300AB5E19 /* Debug */ = {
			isa = XCBuildConfiguration;
			buildSettings = {
				ASSETCATALOG_COMPILER_APPICON_NAME = AppIcon;
				ASSETCATALOG_COMPILER_GLOBAL_ACCENT_COLOR_NAME = AccentColor;
				CODE_SIGN_ENTITLEMENTS = Focus/Focus.entitlements;
				CODE_SIGN_STYLE = Automatic;
				CURRENT_PROJECT_VERSION = 1;
				DEVELOPMENT_ASSET_PATHS = "\"Focus/Preview Content\"";
				DEVELOPMENT_TEAM = 8X5B8275Z9;
				ENABLE_PREVIEWS = YES;
				GENERATE_INFOPLIST_FILE = YES;
				INFOPLIST_KEY_CFBundleDisplayName = UBlock;
				INFOPLIST_KEY_UIApplicationSceneManifest_Generation = YES;
				INFOPLIST_KEY_UIApplicationSupportsIndirectInputEvents = YES;
				INFOPLIST_KEY_UILaunchScreen_Generation = YES;
				INFOPLIST_KEY_UISupportedInterfaceOrientations_iPad = "UIInterfaceOrientationPortrait UIInterfaceOrientationPortraitUpsideDown UIInterfaceOrientationLandscapeLeft UIInterfaceOrientationLandscapeRight";
				INFOPLIST_KEY_UISupportedInterfaceOrientations_iPhone = "UIInterfaceOrientationPortrait UIInterfaceOrientationLandscapeLeft UIInterfaceOrientationLandscapeRight";
				IPHONEOS_DEPLOYMENT_TARGET = 18.4;
				LD_RUNPATH_SEARCH_PATHS = (
					"$(inherited)",
					"@executable_path/Frameworks",
				);
				MARKETING_VERSION = 1.0;
				PRODUCT_BUNDLE_IDENTIFIER = com.nicholas.Focus;
				PRODUCT_NAME = "$(TARGET_NAME)";
				SWIFT_EMIT_LOC_STRINGS = YES;
				SWIFT_VERSION = 5.0;
				TARGETED_DEVICE_FAMILY = "1,2";
			};
			name = Debug;
		};
		6BB100512D75551300AB5E19 /* Release */ = {
			isa = XCBuildConfiguration;
			buildSettings = {
				ASSETCATALOG_COMPILER_APPICON_NAME = AppIcon;
				ASSETCATALOG_COMPILER_GLOBAL_ACCENT_COLOR_NAME = AccentColor;
				CODE_SIGN_ENTITLEMENTS = Focus/Focus.entitlements;
				CODE_SIGN_STYLE = Automatic;
				CURRENT_PROJECT_VERSION = 1;
				DEVELOPMENT_ASSET_PATHS = "\"Focus/Preview Content\"";
				DEVELOPMENT_TEAM = 8X5B8275Z9;
				ENABLE_PREVIEWS = YES;
				GENERATE_INFOPLIST_FILE = YES;
				INFOPLIST_KEY_CFBundleDisplayName = UBlock;
				INFOPLIST_KEY_UIApplicationSceneManifest_Generation = YES;
				INFOPLIST_KEY_UIApplicationSupportsIndirectInputEvents = YES;
				INFOPLIST_KEY_UILaunchScreen_Generation = YES;
				INFOPLIST_KEY_UISupportedInterfaceOrientations_iPad = "UIInterfaceOrientationPortrait UIInterfaceOrientationPortraitUpsideDown UIInterfaceOrientationLandscapeLeft UIInterfaceOrientationLandscapeRight";
				INFOPLIST_KEY_UISupportedInterfaceOrientations_iPhone = "UIInterfaceOrientationPortrait UIInterfaceOrientationLandscapeLeft UIInterfaceOrientationLandscapeRight";
				IPHONEOS_DEPLOYMENT_TARGET = 18.4;
				LD_RUNPATH_SEARCH_PATHS = (
					"$(inherited)",
					"@executable_path/Frameworks",
				);
				MARKETING_VERSION = 1.0;
				PRODUCT_BUNDLE_IDENTIFIER = com.nicholas.Focus;
				PRODUCT_NAME = "$(TARGET_NAME)";
				SWIFT_EMIT_LOC_STRINGS = YES;
				SWIFT_VERSION = 5.0;
				TARGETED_DEVICE_FAMILY = "1,2";
			};
			name = Release;
		};
		6BE553EC2DA7AD34003AAF1E /* Debug */ = {
			isa = XCBuildConfiguration;
			buildSettings = {
				CODE_SIGN_ENTITLEMENTS = Shield/Shield.entitlements;
				CODE_SIGN_STYLE = Automatic;
				CURRENT_PROJECT_VERSION = 1;
				DEVELOPMENT_TEAM = 8X5B8275Z9;
				GENERATE_INFOPLIST_FILE = YES;
				INFOPLIST_FILE = Shield/Info.plist;
				INFOPLIST_KEY_CFBundleDisplayName = Shield;
				INFOPLIST_KEY_NSHumanReadableCopyright = "";
				IPHONEOS_DEPLOYMENT_TARGET = 18.4;
				LD_RUNPATH_SEARCH_PATHS = (
					"$(inherited)",
					"@executable_path/Frameworks",
					"@executable_path/../../Frameworks",
				);
				MARKETING_VERSION = 1.0;
				PRODUCT_BUNDLE_IDENTIFIER = com.nicholas.Focus.Shield;
				PRODUCT_NAME = "$(TARGET_NAME)";
				SKIP_INSTALL = YES;
				SWIFT_EMIT_LOC_STRINGS = YES;
				SWIFT_VERSION = 5.0;
				TARGETED_DEVICE_FAMILY = "1,2";
			};
			name = Debug;
		};
		6BE553ED2DA7AD34003AAF1E /* Release */ = {
			isa = XCBuildConfiguration;
			buildSettings = {
				CODE_SIGN_ENTITLEMENTS = Shield/Shield.entitlements;
				CODE_SIGN_STYLE = Automatic;
				CURRENT_PROJECT_VERSION = 1;
				DEVELOPMENT_TEAM = 8X5B8275Z9;
				GENERATE_INFOPLIST_FILE = YES;
				INFOPLIST_FILE = Shield/Info.plist;
				INFOPLIST_KEY_CFBundleDisplayName = Shield;
				INFOPLIST_KEY_NSHumanReadableCopyright = "";
				IPHONEOS_DEPLOYMENT_TARGET = 18.4;
				LD_RUNPATH_SEARCH_PATHS = (
					"$(inherited)",
					"@executable_path/Frameworks",
					"@executable_path/../../Frameworks",
				);
				MARKETING_VERSION = 1.0;
				PRODUCT_BUNDLE_IDENTIFIER = com.nicholas.Focus.Shield;
				PRODUCT_NAME = "$(TARGET_NAME)";
				SKIP_INSTALL = YES;
				SWIFT_EMIT_LOC_STRINGS = YES;
				SWIFT_VERSION = 5.0;
				TARGETED_DEVICE_FAMILY = "1,2";
			};
			name = Release;
		};
		6BE554002DA7B261003AAF1E /* Debug */ = {
			isa = XCBuildConfiguration;
			buildSettings = {
				CODE_SIGN_ENTITLEMENTS = ActivityMonitor/ActivityMonitor.entitlements;
				CODE_SIGN_STYLE = Automatic;
				CURRENT_PROJECT_VERSION = 1;
				DEVELOPMENT_TEAM = 8X5B8275Z9;
				GENERATE_INFOPLIST_FILE = YES;
				INFOPLIST_FILE = ActivityMonitor/Info.plist;
				INFOPLIST_KEY_CFBundleDisplayName = ActivityMonitor;
				INFOPLIST_KEY_NSHumanReadableCopyright = "";
				IPHONEOS_DEPLOYMENT_TARGET = 18.4;
				LD_RUNPATH_SEARCH_PATHS = (
					"$(inherited)",
					"@executable_path/Frameworks",
					"@executable_path/../../Frameworks",
				);
				MARKETING_VERSION = 1.0;
				PRODUCT_BUNDLE_IDENTIFIER = com.nicholas.Focus.ActivityMonitor;
				PRODUCT_NAME = "$(TARGET_NAME)";
				SKIP_INSTALL = YES;
				SWIFT_EMIT_LOC_STRINGS = YES;
				SWIFT_VERSION = 5.0;
				TARGETED_DEVICE_FAMILY = "1,2";
			};
			name = Debug;
		};
		6BE554012DA7B261003AAF1E /* Release */ = {
			isa = XCBuildConfiguration;
			buildSettings = {
				CODE_SIGN_ENTITLEMENTS = ActivityMonitor/ActivityMonitor.entitlements;
				CODE_SIGN_STYLE = Automatic;
				CURRENT_PROJECT_VERSION = 1;
				DEVELOPMENT_TEAM = 8X5B8275Z9;
				GENERATE_INFOPLIST_FILE = YES;
				INFOPLIST_FILE = ActivityMonitor/Info.plist;
				INFOPLIST_KEY_CFBundleDisplayName = ActivityMonitor;
				INFOPLIST_KEY_NSHumanReadableCopyright = "";
				IPHONEOS_DEPLOYMENT_TARGET = 18.4;
				LD_RUNPATH_SEARCH_PATHS = (
					"$(inherited)",
					"@executable_path/Frameworks",
					"@executable_path/../../Frameworks",
				);
				MARKETING_VERSION = 1.0;
				PRODUCT_BUNDLE_IDENTIFIER = com.nicholas.Focus.ActivityMonitor;
				PRODUCT_NAME = "$(TARGET_NAME)";
				SKIP_INSTALL = YES;
				SWIFT_EMIT_LOC_STRINGS = YES;
				SWIFT_VERSION = 5.0;
				TARGETED_DEVICE_FAMILY = "1,2";
			};
			name = Release;
		};
/* End XCBuildConfiguration section */

/* Begin XCConfigurationList section */
		6BB1003C2D75551200AB5E19 /* Build configuration list for PBXProject "Focus" */ = {
			isa = XCConfigurationList;
			buildConfigurations = (
				6BB1004D2D75551300AB5E19 /* Debug */,
				6BB1004E2D75551300AB5E19 /* Release */,
			);
			defaultConfigurationIsVisible = 0;
			defaultConfigurationName = Release;
		};
		6BB1004F2D75551300AB5E19 /* Build configuration list for PBXNativeTarget "Focus" */ = {
			isa = XCConfigurationList;
			buildConfigurations = (
				6BB100502D75551300AB5E19 /* Debug */,
				6BB100512D75551300AB5E19 /* Release */,
			);
			defaultConfigurationIsVisible = 0;
			defaultConfigurationName = Release;
		};
		6BE553EB2DA7AD34003AAF1E /* Build configuration list for PBXNativeTarget "Shield" */ = {
			isa = XCConfigurationList;
			buildConfigurations = (
				6BE553EC2DA7AD34003AAF1E /* Debug */,
				6BE553ED2DA7AD34003AAF1E /* Release */,
			);
			defaultConfigurationIsVisible = 0;
			defaultConfigurationName = Release;
		};
		6BE553FF2DA7B261003AAF1E /* Build configuration list for PBXNativeTarget "ActivityMonitor" */ = {
			isa = XCConfigurationList;
			buildConfigurations = (
				6BE554002DA7B261003AAF1E /* Debug */,
				6BE554012DA7B261003AAF1E /* Release */,
			);
			defaultConfigurationIsVisible = 0;
			defaultConfigurationName = Release;
		};
/* End XCConfigurationList section */

/* Begin XCRemoteSwiftPackageReference section */
		6BE116412D864B2E002695F7 /* XCRemoteSwiftPackageReference "firebase-ios-sdk" */ = {
			isa = XCRemoteSwiftPackageReference;
			repositoryURL = "https://github.com/firebase/firebase-ios-sdk";
			requirement = {
				kind = upToNextMajorVersion;
				minimumVersion = 11.9.0;
			};
		};
		6BE1164A2D864C80002695F7 /* XCRemoteSwiftPackageReference "GoogleSignIn-iOS" */ = {
			isa = XCRemoteSwiftPackageReference;
			repositoryURL = "https://github.com/google/GoogleSignIn-iOS";
			requirement = {
				kind = upToNextMajorVersion;
				minimumVersion = 8.0.0;
			};
		};
/* End XCRemoteSwiftPackageReference section */

/* Begin XCSwiftPackageProductDependency section */
		6BE116422D864B2E002695F7 /* FirebaseAnalytics */ = {
			isa = XCSwiftPackageProductDependency;
			package = 6BE116412D864B2E002695F7 /* XCRemoteSwiftPackageReference "firebase-ios-sdk" */;
			productName = FirebaseAnalytics;
		};
		6BE116442D864B2E002695F7 /* FirebaseAuth */ = {
			isa = XCSwiftPackageProductDependency;
			package = 6BE116412D864B2E002695F7 /* XCRemoteSwiftPackageReference "firebase-ios-sdk" */;
			productName = FirebaseAuth;
		};
		6BE116462D864B2E002695F7 /* FirebaseCrashlytics */ = {
			isa = XCSwiftPackageProductDependency;
			package = 6BE116412D864B2E002695F7 /* XCRemoteSwiftPackageReference "firebase-ios-sdk" */;
			productName = FirebaseCrashlytics;
		};
		6BE116482D864B2E002695F7 /* FirebaseDatabase */ = {
			isa = XCSwiftPackageProductDependency;
			package = 6BE116412D864B2E002695F7 /* XCRemoteSwiftPackageReference "firebase-ios-sdk" */;
			productName = FirebaseDatabase;
		};
		6BE1164B2D864C80002695F7 /* GoogleSignIn */ = {
			isa = XCSwiftPackageProductDependency;
			package = 6BE1164A2D864C80002695F7 /* XCRemoteSwiftPackageReference "GoogleSignIn-iOS" */;
			productName = GoogleSignIn;
		};
		6BE1164D2D864C80002695F7 /* GoogleSignInSwift */ = {
			isa = XCSwiftPackageProductDependency;
			package = 6BE1164A2D864C80002695F7 /* XCRemoteSwiftPackageReference "GoogleSignIn-iOS" */;
			productName = GoogleSignInSwift;
		};
/* End XCSwiftPackageProductDependency section */
	};
	rootObject = 6BB100392D75551200AB5E19 /* Project object */;
}
